
Microsoft Visual Studio Solution File, Format Version 12.00
# Visual Studio Version 17
VisualStudioVersion = 17.0.31903.59
MinimumVisualStudioVersion = 10.0.40219.1
Project("{2150E333-8FDC-42A3-9474-1A3956D46DE8}") = "src", "src", "{C7CB510A-B381-4CC8-83EC-0D6AC450B9C4}"
EndProject
Project("{FAE04EC0-301F-11D3-BF4B-00C04F79EFBC}") = "AuctionService", "src\AuctionService\AuctionService.csproj", "{4C359E3A-3B26-470F-8559-8E4EB589FC03}"
EndProject
Project("{FAE04EC0-301F-11D3-BF4B-00C04F79EFBC}") = "SearchService", "src\SearchService\SearchService.csproj", "{70D3F720-C155-47C4-9CC3-6CDFFC55837E}"
EndProject
Project("{FAE04EC0-301F-11D3-BF4B-00C04F79EFBC}") = "Contracts", "src\Contracts\Contracts.csproj", "{DFEF8BE0-63F4-4C6B-808D-5B6333424235}"
EndProject
Project("{FAE04EC0-301F-11D3-BF4B-00C04F79EFBC}") = "IdentityService", "src\IdentityService\IdentityService.csproj", "{931C0B71-C2CF-43BA-ADF9-C109E0EFDDC8}"
EndProject
Global
	GlobalSection(SolutionConfigurationPlatforms) = preSolution
		Debug|Any CPU = Debug|Any CPU
		Release|Any CPU = Release|Any CPU
	EndGlobalSection
	GlobalSection(SolutionProperties) = preSolution
		HideSolutionNode = FALSE
	EndGlobalSection
	GlobalSection(ProjectConfigurationPlatforms) = postSolution
		{4C359E3A-3B26-470F-8559-8E4EB589FC03}.Debug|Any CPU.ActiveCfg = Debug|Any CPU
		{4C359E3A-3B26-470F-8559-8E4EB589FC03}.Debug|Any CPU.Build.0 = Debug|Any CPU
		{4C359E3A-3B26-470F-8559-8E4EB589FC03}.Release|Any CPU.ActiveCfg = Release|Any CPU
		{4C359E3A-3B26-470F-8559-8E4EB589FC03}.Release|Any CPU.Build.0 = Release|Any CPU
		{70D3F720-C155-47C4-9CC3-6CDFFC55837E}.Debug|Any CPU.ActiveCfg = Debug|Any CPU
		{70D3F720-C155-47C4-9CC3-6CDFFC55837E}.Debug|Any CPU.Build.0 = Debug|Any CPU
		{70D3F720-C155-47C4-9CC3-6CDFFC55837E}.Release|Any CPU.ActiveCfg = Release|Any CPU
		{70D3F720-C155-47C4-9CC3-6CDFFC55837E}.Release|Any CPU.Build.0 = Release|Any CPU
		{DFEF8BE0-63F4-4C6B-808D-5B6333424235}.Debug|Any CPU.ActiveCfg = Debug|Any CPU
		{DFEF8BE0-63F4-4C6B-808D-5B6333424235}.Debug|Any CPU.Build.0 = Debug|Any CPU
		{DFEF8BE0-63F4-4C6B-808D-5B6333424235}.Release|Any CPU.ActiveCfg = Release|Any CPU
		{DFEF8BE0-63F4-4C6B-808D-5B6333424235}.Release|Any CPU.Build.0 = Release|Any CPU
		{931C0B71-C2CF-43BA-ADF9-C109E0EFDDC8}.Debug|Any CPU.ActiveCfg = Debug|Any CPU
		{931C0B71-C2CF-43BA-ADF9-C109E0EFDDC8}.Debug|Any CPU.Build.0 = Debug|Any CPU
		{931C0B71-C2CF-43BA-ADF9-C109E0EFDDC8}.Release|Any CPU.ActiveCfg = Release|Any CPU
		{931C0B71-C2CF-43BA-ADF9-C109E0EFDDC8}.Release|Any CPU.Build.0 = Release|Any CPU
	EndGlobalSection
	GlobalSection(NestedProjects) = preSolution
		{4C359E3A-3B26-470F-8559-8E4EB589FC03} = {C7CB510A-B381-4CC8-83EC-0D6AC450B9C4}
		{70D3F720-C155-47C4-9CC3-6CDFFC55837E} = {C7CB510A-B381-4CC8-83EC-0D6AC450B9C4}
		{DFEF8BE0-63F4-4C6B-808D-5B6333424235} = {C7CB510A-B381-4CC8-83EC-0D6AC450B9C4}
		{931C0B71-C2CF-43BA-ADF9-C109E0EFDDC8} = {C7CB510A-B381-4CC8-83EC-0D6AC450B9C4}
	EndGlobalSection
EndGlobal
